
Microsoft Visual Studio Solution File, Format Version 12.00
# Visual Studio Version 17
VisualStudioVersion = 17.6.33723.286
MinimumVisualStudioVersion = 10.0.40219.1
Project("{8BC9CEB8-8B4A-11D0-8D11-00A0C91BC942}") = "Breakout", "Breakout.vcxproj", "{42055938-E811-490E-8702-DB6A88080B0F}"
EndProject
Global
	GlobalSection(SolutionConfigurationPlatforms) = preSolution
		Debug|x64 = Debug|x64
		Debug|x86 = Debug|x86
		Release|x64 = Release|x64
		Release|x86 = Release|x86
	EndGlobalSection
	GlobalSection(ProjectConfigurationPlatforms) = postSolution
		{42055938-E811-490E-8702-DB6A88080B0F}.Debug|x64.ActiveCfg = Debug|x64
		{42055938-E811-490E-8702-DB6A88080B0F}.Debug|x64.Build.0 = Debug|x64
		{42055938-E811-490E-8702-DB6A88080B0F}.Debug|x86.ActiveCfg = Debug|Win32
		{42055938-E811-490E-8702-DB6A88080B0F}.Debug|x86.Build.0 = Debug|Win32
		{42055938-E811-490E-8702-DB6A88080B0F}.Release|x64.ActiveCfg = Release|x64
		{42055938-E811-490E-8702-DB6A88080B0F}.Release|x64.Build.0 = Release|x64
		{42055938-E811-490E-8702-DB6A88080B0F}.Release|x86.ActiveCfg = Release|Win32
		{42055938-E811-490E-8702-DB6A88080B0F}.Release|x86.Build.0 = Release|Win32
	EndGlobalSection
	GlobalSection(SolutionProperties) = preSolution
		HideSolutionNode = FALSE
	EndGlobalSection
	GlobalSection(ExtensibilityGlobals) = postSolution
		SolutionGuid = {5B281E23-D75E-463B-9816-E2C5FA11C24E}
	EndGlobalSection
EndGlobal
