<?xml version="1.0" encoding="utf-8"?>
<Project ToolsVersion="4.0" xmlns="http://schemas.microsoft.com/developer/msbuild/2003">
  <ItemGroup>
    <Filter Include="Source Files">
      <UniqueIdentifier>{4FC737F1-C7A5-4376-A066-2A32D752A2FF}</UniqueIdentifier>
      <Extensions>cpp;c;cc;cxx;c++;cppm;ixx;def;odl;idl;hpj;bat;asm;asmx</Extensions>
    </Filter>
    <Filter Include="Header Files">
      <UniqueIdentifier>{93995380-89BD-4b04-88EB-625FBE52EBFB}</UniqueIdentifier>
      <Extensions>h;hh;hpp;hxx;h++;hm;inl;inc;ipp;xsd</Extensions>
    </Filter>
    <Filter Include="Resource Files">
      <UniqueIdentifier>{67DA6AB6-F800-4c08-8B7A-83BB121AAD01}</UniqueIdentifier>
      <Extensions>rc;ico;cur;bmp;dlg;rc2;rct;bin;rgs;gif;jpg;jpeg;jpe;resx;tiff;tif;png;wav;mfcribbon-ms</Extensions>
    </Filter>
    <Filter Include="Resource Files\XML Files">
      <UniqueIdentifier>{40b15814-845e-4737-933c-d74ee861ef73}</UniqueIdentifier>
    </Filter>
    <Filter Include="Resource Files\Textures">
      <UniqueIdentifier>{397534d5-d879-4637-9ae3-b89f09039066}</UniqueIdentifier>
    </Filter>
    <Filter Include="Header Files\collision">
      <UniqueIdentifier>{0612d34e-43ed-4579-adb5-b937eeea7950}</UniqueIdentifier>
    </Filter>
    <Filter Include="Source Files\collision">
      <UniqueIdentifier>{c09a5f06-46a6-4661-b2d7-7a3fc40035ef}</UniqueIdentifier>
    </Filter>
    <Filter Include="Header Files\utils">
      <UniqueIdentifier>{103efdcb-1fcc-4ac8-9513-00b6cacb8673}</UniqueIdentifier>
    </Filter>
    <Filter Include="Source Files\utils">
      <UniqueIdentifier>{c901cbba-cf79-491a-9b6d-c1e206439bd7}</UniqueIdentifier>
    </Filter>
    <Filter Include="Header Files\events">
      <UniqueIdentifier>{23bf68c4-6148-4c88-ad61-97b113a3fbac}</UniqueIdentifier>
    </Filter>
    <Filter Include="Header Files\objects">
      <UniqueIdentifier>{72182922-f43c-48b2-b941-cb7c4fa92156}</UniqueIdentifier>
    </Filter>
    <Filter Include="Header Files\game">
      <UniqueIdentifier>{90ed2486-d2af-499f-ae31-a50b472ec9b3}</UniqueIdentifier>
    </Filter>
    <Filter Include="Source Files\game">
      <UniqueIdentifier>{5938659a-54b5-4650-a7f1-6d6a0731e592}</UniqueIdentifier>
    </Filter>
    <Filter Include="Header Files\audio">
      <UniqueIdentifier>{2e3f593a-49bb-4536-9689-72ab8f51736c}</UniqueIdentifier>
    </Filter>
    <Filter Include="Source Files\audio">
      <UniqueIdentifier>{85ec96fe-41e3-4b4a-bc00-9985a9776659}</UniqueIdentifier>
    </Filter>
    <Filter Include="Header Files\UI">
      <UniqueIdentifier>{c849f5ba-860b-432b-850b-f95375bdc6fa}</UniqueIdentifier>
    </Filter>
    <Filter Include="Source Files\UI">
      <UniqueIdentifier>{b4e6cabe-6b6d-402b-bfb6-5b461dc4f4ef}</UniqueIdentifier>
    </Filter>
    <Filter Include="Resource Files\Audio">
      <UniqueIdentifier>{af8bd9d0-18ed-445b-a17d-731d4345050e}</UniqueIdentifier>
    </Filter>
    <Filter Include="Resource Files\Fonts">
      <UniqueIdentifier>{47c62e29-b09d-4ade-9e9a-61e166b87bcc}</UniqueIdentifier>
    </Filter>
    <Filter Include="Source Files\objects">
      <UniqueIdentifier>{111d2c09-98af-4c23-a40f-b005c91147fa}</UniqueIdentifier>
    </Filter>
  </ItemGroup>
  <ItemGroup>
    <ClCompile Include="src\main.cpp">
      <Filter>Source Files</Filter>
    </ClCompile>
    <ClCompile Include="src\collision\Collidable.cpp">
      <Filter>Source Files\collision</Filter>
    </ClCompile>
    <ClCompile Include="src\collision\CollisionManager.cpp">
      <Filter>Source Files\collision</Filter>
    </ClCompile>
    <ClCompile Include="src\pugi\pugixml.cpp">
      <Filter>Source Files\utils</Filter>
    </ClCompile>
    <ClCompile Include="src\utils\XmlParser.cpp">
      <Filter>Source Files\utils</Filter>
    </ClCompile>
    <ClCompile Include="src\utils\ValueGetter.cpp">
      <Filter>Source Files\utils</Filter>
    </ClCompile>
    <ClCompile Include="src\objects\GameObject.cpp">
      <Filter>Source Files\objects</Filter>
    </ClCompile>
    <ClCompile Include="src\objects\Platform.cpp">
      <Filter>Source Files\objects</Filter>
    </ClCompile>
    <ClCompile Include="src\game\LevelLoader.cpp">
      <Filter>Source Files\game</Filter>
    </ClCompile>
    <ClCompile Include="src\utils\UIDGenerator.cpp">
      <Filter>Source Files\utils</Filter>
    </ClCompile>
    <ClCompile Include="src\collision\CollidablesMap.cpp">
      <Filter>Source Files\collision</Filter>
    </ClCompile>
    <ClCompile Include="src\objects\GameObjectRenderer.cpp">
      <Filter>Source Files\objects</Filter>
    </ClCompile>
    <ClCompile Include="src\game\Game.cpp">
      <Filter>Source Files\game</Filter>
    </ClCompile>
    <ClCompile Include="src\objects\Ball.cpp">
      <Filter>Source Files\objects</Filter>
    </ClCompile>
    <ClCompile Include="src\game\BrickGrid.cpp">
      <Filter>Source Files\game</Filter>
    </ClCompile>
    <ClCompile Include="src\objects\Brick.cpp">
      <Filter>Source Files\objects</Filter>
    </ClCompile>
    <ClCompile Include="src\objects\BrickPool.cpp">
      <Filter>Source Files\objects</Filter>
    </ClCompile>
    <ClCompile Include="src\objects\BrickSoft.cpp">
      <Filter>Source Files\objects</Filter>
    </ClCompile>
    <ClCompile Include="src\objects\BrickMedium.cpp">
      <Filter>Source Files\objects</Filter>
    </ClCompile>
    <ClCompile Include="src\objects\BrickHard.cpp">
      <Filter>Source Files\objects</Filter>
    </ClCompile>
    <ClCompile Include="src\objects\BrickImpenetrable.cpp">
      <Filter>Source Files\objects</Filter>
    </ClCompile>
    <ClCompile Include="src\objects\BallMovement.cpp">
      <Filter>Source Files\objects</Filter>
    </ClCompile>
    <ClCompile Include="src\audio\SoundPlayer.cpp">
      <Filter>Source Files\audio</Filter>
    </ClCompile>
    <ClCompile Include="src\audio\MusicPlayer.cpp">
      <Filter>Source Files\audio</Filter>
    </ClCompile>
    <ClCompile Include="src\UI\Button.cpp">
      <Filter>Source Files\UI</Filter>
    </ClCompile>
    <ClCompile Include="src\UI\ImageConfig.cpp">
      <Filter>Source Files\UI</Filter>
    </ClCompile>
    <ClCompile Include="src\UI\TextCreator.cpp">
      <Filter>Source Files\UI</Filter>
    </ClCompile>
    <ClCompile Include="src\UI\UIManager.cpp">
      <Filter>Source Files\UI</Filter>
    </ClCompile>
    <ClCompile Include="src\game\GameState.cpp">
      <Filter>Source Files\game</Filter>
    </ClCompile>
    <ClCompile Include="src\game\PlayingState.cpp">
      <Filter>Source Files\game</Filter>
    </ClCompile>
    <ClCompile Include="src\objects\BrickGridVisual.cpp">
      <Filter>Source Files\objects</Filter>
    </ClCompile>
    <ClCompile Include="src\game\MainMenuState.cpp">
      <Filter>Source Files\game</Filter>
    </ClCompile>
    <ClCompile Include="src\game\GameOverState.cpp">
      <Filter>Source Files\game</Filter>
    </ClCompile>
    <ClCompile Include="src\game\LevelClearState.cpp">
      <Filter>Source Files\game</Filter>
    </ClCompile>
    <ClCompile Include="src\game\GameStateManager.cpp">
      <Filter>Source Files\game</Filter>
    </ClCompile>
    <ClCompile Include="src\game\ThemeSelectionState.cpp">
      <Filter>Source Files\game</Filter>
    </ClCompile>
    <ClCompile Include="src\UI\ThemeManager.cpp">
      <Filter>Source Files\UI</Filter>
    </ClCompile>
    <ClCompile Include="src\UI\LoadingScreen.cpp">
      <Filter>Source Files\UI</Filter>
    </ClCompile>
    <ClCompile Include="src\game\LevelDataProvider.cpp">
      <Filter>Source Files\game</Filter>
    </ClCompile>
  </ItemGroup>
  <ItemGroup>
    <ClInclude Include="src\collision\Collidable.h">
      <Filter>Header Files\collision</Filter>
    </ClInclude>
    <ClInclude Include="src\collision\CollidableObjectType.h">
      <Filter>Header Files\collision</Filter>
    </ClInclude>
    <ClInclude Include="src\collision\CollisionManager.h">
      <Filter>Header Files\collision</Filter>
    </ClInclude>
    <ClInclude Include="src\collision\SpritePosition.h">
      <Filter>Header Files\collision</Filter>
    </ClInclude>
    <ClInclude Include="src\pugi\pugixml.hpp">
      <Filter>Header Files\utils</Filter>
    </ClInclude>
    <ClInclude Include="src\utils\EnumToStringConverter.h">
      <Filter>Header Files\utils</Filter>
    </ClInclude>
    <ClInclude Include="src\utils\XmlParser.h">
      <Filter>Header Files\utils</Filter>
    </ClInclude>
    <ClInclude Include="src\events\HUDObserver.h">
      <Filter>Header Files\events</Filter>
    </ClInclude>
    <ClInclude Include="src\events\LevelDataObserver.h">
      <Filter>Header Files\events</Filter>
    </ClInclude>
    <ClInclude Include="src\utils\ValueGetter.h">
      <Filter>Header Files\utils</Filter>
    </ClInclude>
    <ClInclude Include="src\objects\BrickTypeValues.h">
      <Filter>Header Files\objects</Filter>
    </ClInclude>
    <ClInclude Include="src\objects\GameObject.h">
      <Filter>Header Files\objects</Filter>
    </ClInclude>
    <ClInclude Include="src\objects\Platform.h">
      <Filter>Header Files\objects</Filter>
    </ClInclude>
    <ClInclude Include="src\game\LevelLoader.h">
      <Filter>Header Files\game</Filter>
    </ClInclude>
    <ClInclude Include="src\utils\UIDGenerator.h">
      <Filter>Header Files\utils</Filter>
    </ClInclude>
    <ClInclude Include="src\collision\CollidablesMap.h">
      <Filter>Header Files\collision</Filter>
    </ClInclude>
    <ClInclude Include="src\events\CollisionObserver.h">
      <Filter>Header Files\events</Filter>
    </ClInclude>
    <ClInclude Include="src\objects\GameObjectData.h">
      <Filter>Header Files\objects</Filter>
    </ClInclude>
    <ClInclude Include="src\objects\GameObjectRenderer.h">
      <Filter>Header Files\objects</Filter>
    </ClInclude>
    <ClInclude Include="src\game\LevelDataProvider.h">
      <Filter>Header Files\game</Filter>
    </ClInclude>
    <ClInclude Include="src\game\Game.h">
      <Filter>Header Files\game</Filter>
    </ClInclude>
    <ClInclude Include="src\objects\Ball.h">
      <Filter>Header Files\objects</Filter>
    </ClInclude>
    <ClInclude Include="src\game\BrickGrid.h">
      <Filter>Header Files\game</Filter>
    </ClInclude>
    <ClInclude Include="src\events\BrickObserver.h">
      <Filter>Header Files\events</Filter>
    </ClInclude>
    <ClInclude Include="src\game\GridData.h">
      <Filter>Header Files\game</Filter>
    </ClInclude>
    <ClInclude Include="src\objects\Brick.h">
      <Filter>Header Files\objects</Filter>
    </ClInclude>
    <ClInclude Include="src\objects\BrickPool.h">
      <Filter>Header Files\objects</Filter>
    </ClInclude>
    <ClInclude Include="src\objects\BrickSoft.h">
      <Filter>Header Files\objects</Filter>
    </ClInclude>
    <ClInclude Include="src\objects\BrickMedium.h">
      <Filter>Header Files\objects</Filter>
    </ClInclude>
    <ClInclude Include="src\objects\BrickHard.h">
      <Filter>Header Files\objects</Filter>
    </ClInclude>
    <ClInclude Include="src\objects\BrickImpenetrable.h">
      <Filter>Header Files\objects</Filter>
    </ClInclude>
    <ClInclude Include="src\objects\BallMovement.h">
      <Filter>Header Files\objects</Filter>
    </ClInclude>
    <ClInclude Include="src\collision\CollisionDirection.h">
      <Filter>Header Files\collision</Filter>
    </ClInclude>
    <ClInclude Include="src\audio\SoundPlayer.h">
      <Filter>Header Files\audio</Filter>
    </ClInclude>
    <ClInclude Include="src\audio\MusicPlayer.h">
      <Filter>Header Files\audio</Filter>
    </ClInclude>
    <ClInclude Include="src\UI\Button.h">
      <Filter>Header Files\UI</Filter>
    </ClInclude>
    <ClInclude Include="src\UI\ImageConfig.h">
      <Filter>Header Files\UI</Filter>
    </ClInclude>
    <ClInclude Include="src\UI\TextCreator.h">
      <Filter>Header Files\UI</Filter>
    </ClInclude>
    <ClInclude Include="src\UI\UIManager.h">
      <Filter>Header Files\UI</Filter>
    </ClInclude>
    <ClInclude Include="src\events\StateObserver.h">
      <Filter>Header Files\events</Filter>
    </ClInclude>
    <ClInclude Include="src\game\GameState.h">
      <Filter>Header Files\game</Filter>
    </ClInclude>
    <ClInclude Include="src\game\PlayingState.h">
      <Filter>Header Files\game</Filter>
    </ClInclude>
    <ClInclude Include="src\objects\BrickGridVisual.h">
      <Filter>Header Files\objects</Filter>
    </ClInclude>
    <ClInclude Include="src\game\MainMenuState.h">
      <Filter>Header Files\game</Filter>
    </ClInclude>
    <ClInclude Include="src\game\GameOverState.h">
      <Filter>Header Files\game</Filter>
    </ClInclude>
    <ClInclude Include="src\game\LevelClearState.h">
      <Filter>Header Files\game</Filter>
    </ClInclude>
    <ClInclude Include="src\game\GameStateManager.h">
      <Filter>Header Files\game</Filter>
    </ClInclude>
    <ClInclude Include="src\events\ThemeSelectionObserver.h">
      <Filter>Header Files\events</Filter>
    </ClInclude>
    <ClInclude Include="src\UI\Theme.h">
      <Filter>Header Files\UI</Filter>
    </ClInclude>
    <ClInclude Include="src\game\ThemeSelectionState.h">
      <Filter>Header Files\game</Filter>
    </ClInclude>
    <ClInclude Include="src\UI\ThemeManager.h">
      <Filter>Header Files\UI</Filter>
    </ClInclude>
    <ClInclude Include="src\events\InitReadyObserver.h">
      <Filter>Header Files\events</Filter>
    </ClInclude>
    <ClInclude Include="src\events\InteractionObserver.h">
      <Filter>Header Files\events</Filter>
    </ClInclude>
    <ClInclude Include="src\UI\LoadingScreen.h">
      <Filter>Header Files\UI</Filter>
    </ClInclude>
    <ClInclude Include="src\events\BrickSoundObserver.h">
      <Filter>Header Files\events</Filter>
    </ClInclude>
    <ClInclude Include="src\audio\SoundType.h">
      <Filter>Header Files\audio</Filter>
    </ClInclude>
    <ClInclude Include="src\objects\BrickType.h">
      <Filter>Header Files\objects</Filter>
    </ClInclude>
  </ItemGroup>
  <ItemGroup>
    <None Include="assets\textures\ball_1.png">
      <Filter>Resource Files\Textures</Filter>
    </None>
    <None Include="SFML\SFML-2.5.1\bin\openal32.dll">
      <Filter>Resource Files</Filter>
    </None>
    <None Include="SFML\SFML-2.5.1\bin\sfml-audio-2.dll" />
    <None Include="SFML\SFML-2.5.1\bin\sfml-graphics-2.dll" />
    <None Include="SFML\SFML-2.5.1\bin\sfml-network-2.dll" />
    <None Include="SFML\SFML-2.5.1\bin\sfml-system-2.dll" />
    <None Include="SFML\SFML-2.5.1\bin\sfml-window-2.dll">
      <Filter>Resource Files</Filter>
    </None>
  </ItemGroup>
  <ItemGroup>
    <Font Include="assets\winter\fonts\Cartoon Blocks Christmas.otf">
      <Filter>Resource Files\Fonts</Filter>
    </Font>
    <Font Include="assets\summer\fonts\Palmsprings.ttf">
      <Filter>Resource Files\Fonts</Filter>
    </Font>
  </ItemGroup>
  <ItemGroup>
    <Xml Include="assets\winter\xml_files\General.xml">
      <Filter>Resource Files\XML Files</Filter>
    </Xml>
    <Xml Include="assets\winter\xml_files\Level_1.xml">
      <Filter>Resource Files\XML Files</Filter>
    </Xml>
    <Xml Include="assets\winter\xml_files\Level_2.xml">
      <Filter>Resource Files\XML Files</Filter>
    </Xml>
    <Xml Include="assets\winter\xml_files\Level_3.xml">
      <Filter>Resource Files\XML Files</Filter>
    </Xml>
  </ItemGroup>
</Project>