<?xml version="1.0" encoding="utf-8"?>
<Project ToolsVersion="4.0" xmlns="http://schemas.microsoft.com/developer/msbuild/2003">
  <ItemGroup>
    <Filter Include="Source Files">
      <UniqueIdentifier>{4FC737F1-C7A5-4376-A066-2A32D752A2FF}</UniqueIdentifier>
      <Extensions>cpp;c;cc;cxx;c++;cppm;ixx;def;odl;idl;hpj;bat;asm;asmx</Extensions>
    </Filter>
    <Filter Include="Header Files">
      <UniqueIdentifier>{93995380-89BD-4b04-88EB-625FBE52EBFB}</UniqueIdentifier>
      <Extensions>h;hh;hpp;hxx;h++;hm;inl;inc;ipp;xsd</Extensions>
    </Filter>
    <Filter Include="Resource Files">
      <UniqueIdentifier>{67DA6AB6-F800-4c08-8B7A-83BB121AAD01}</UniqueIdentifier>
      <Extensions>rc;ico;cur;bmp;dlg;rc2;rct;bin;rgs;gif;jpg;jpeg;jpe;resx;tiff;tif;png;wav;mfcribbon-ms</Extensions>
    </Filter>
    <Filter Include="Resource Files\SFML">
      <UniqueIdentifier>{1ddd2e49-4ab3-464b-a34a-1b2c578b8e1a}</UniqueIdentifier>
    </Filter>
    <Filter Include="Resource Files\Textures">
      <UniqueIdentifier>{985ef067-e36d-4e02-9b08-51dc7b999464}</UniqueIdentifier>
    </Filter>
    <Filter Include="Resource Files\Audio">
      <UniqueIdentifier>{bd003995-bc81-41b8-830b-8fc28cb2a042}</UniqueIdentifier>
    </Filter>
    <Filter Include="Resource Files\Fonts">
      <UniqueIdentifier>{7fe23091-252a-4e10-aa7f-71507b51bba4}</UniqueIdentifier>
    </Filter>
    <Filter Include="Resource Files\XML">
      <UniqueIdentifier>{8b3f9d0c-35f8-4751-a828-5c089761d025}</UniqueIdentifier>
    </Filter>
  </ItemGroup>
  <ItemGroup>
    <ClCompile Include="..\pugixml-1.14\src\pugixml.cpp">
      <Filter>Source Files</Filter>
    </ClCompile>
    <ClCompile Include="src/main.cpp">
      <Filter>Source Files</Filter>
    </ClCompile>
    <ClCompile Include="src/Platform.cpp">
      <Filter>Source Files</Filter>
    </ClCompile>
    <ClCompile Include="src/XmlParser.cpp">
      <Filter>Source Files</Filter>
    </ClCompile>
    <ClCompile Include="src/Game.cpp">
      <Filter>Source Files</Filter>
    </ClCompile>
    <ClCompile Include="src/GameObject.cpp">
      <Filter>Source Files</Filter>
    </ClCompile>
    <ClCompile Include="src/Brick.cpp">
      <Filter>Source Files</Filter>
    </ClCompile>
    <ClCompile Include="src/BrickGrid.cpp">
      <Filter>Source Files</Filter>
    </ClCompile>
    <ClCompile Include="src/ValueGetter.cpp">
      <Filter>Source Files</Filter>
    </ClCompile>
    <ClCompile Include="src/BrickSoft.cpp">
      <Filter>Source Files</Filter>
    </ClCompile>
    <ClCompile Include="src/BrickGridVisual.cpp">
      <Filter>Source Files</Filter>
    </ClCompile>
    <ClCompile Include="src/BrickHard.cpp">
      <Filter>Source Files</Filter>
    </ClCompile>
    <ClCompile Include="src/BrickImpenetrable.cpp">
      <Filter>Source Files</Filter>
    </ClCompile>
    <ClCompile Include="src/BrickMedium.cpp">
      <Filter>Source Files</Filter>
    </ClCompile>
    <ClCompile Include="src/BrickTypeValues.cpp">
      <Filter>Source Files</Filter>
    </ClCompile>
    <ClCompile Include="src/Ball.cpp">
      <Filter>Source Files</Filter>
    </ClCompile>
    <ClCompile Include="src\GridData.cpp">
      <Filter>Source Files</Filter>
    </ClCompile>
    <ClCompile Include="src\UIManager.cpp">
      <Filter>Source Files</Filter>
    </ClCompile>
  </ItemGroup>
  <ItemGroup>
    <CopyFileToFolders Include="..\SFML\SFML-2.5.1\bin\openal32.dll">
      <Filter>Resource Files\SFML</Filter>
    </CopyFileToFolders>
    <CopyFileToFolders Include="..\SFML\SFML-2.5.1\bin\sfml-audio-d-2.dll">
      <Filter>Resource Files\SFML</Filter>
    </CopyFileToFolders>
    <CopyFileToFolders Include="..\SFML\SFML-2.5.1\bin\sfml-graphics-d-2.dll">
      <Filter>Resource Files\SFML</Filter>
    </CopyFileToFolders>
    <CopyFileToFolders Include="..\SFML\SFML-2.5.1\bin\sfml-system-d-2.dll">
      <Filter>Resource Files\SFML</Filter>
    </CopyFileToFolders>
    <CopyFileToFolders Include="..\SFML\SFML-2.5.1\bin\sfml-window-d-2.dll">
      <Filter>Resource Files\SFML</Filter>
    </CopyFileToFolders>
    <CopyFileToFolders Include="resources\textures\platform_purple.png">
      <Filter>Resource Files\Textures</Filter>
    </CopyFileToFolders>
    <CopyFileToFolders Include="resources\xml files\Level_1.xml">
      <Filter>Resource Files\XML</Filter>
    </CopyFileToFolders>
    <CopyFileToFolders Include="resources\textures\brick_golden.png">
      <Filter>Resource Files\Textures</Filter>
    </CopyFileToFolders>
    <CopyFileToFolders Include="resources\textures\brick_gray.png">
      <Filter>Resource Files\Textures</Filter>
    </CopyFileToFolders>
    <CopyFileToFolders Include="resources\textures\brick_purple.png">
      <Filter>Resource Files\Textures</Filter>
    </CopyFileToFolders>
    <CopyFileToFolders Include="resources\textures\brick_spec_purplegolden.png">
      <Filter>Resource Files\Textures</Filter>
    </CopyFileToFolders>
    <CopyFileToFolders Include="resources\xml files\Level_2.xml">
      <Filter>Resource Files\XML</Filter>
    </CopyFileToFolders>
    <CopyFileToFolders Include="resources\xml files\Level_3.xml">
      <Filter>Resource Files\XML</Filter>
    </CopyFileToFolders>
    <CopyFileToFolders Include="resources\fonts\Cartoon Blocks Christmas.otf">
      <Filter>Resource Files\Fonts</Filter>
    </CopyFileToFolders>
    <CopyFileToFolders Include="resources\textures\ball_golden.png">
      <Filter>Resource Files\Textures</Filter>
    </CopyFileToFolders>
    <CopyFileToFolders Include="resources\textures\heart_empty.png">
      <Filter>Resource Files\Textures</Filter>
    </CopyFileToFolders>
    <CopyFileToFolders Include="resources\textures\heart_full.png">
      <Filter>Resource Files\Textures</Filter>
    </CopyFileToFolders>
  </ItemGroup>
  <ItemGroup>
    <ClInclude Include="..\pugixml-1.14\src\pugixml.hpp">
      <Filter>Header Files</Filter>
    </ClInclude>
    <ClInclude Include="src/Platform.h">
      <Filter>Header Files</Filter>
    </ClInclude>
    <ClInclude Include="src/XmlParser.h">
      <Filter>Header Files</Filter>
    </ClInclude>
    <ClInclude Include="src/Game.h">
      <Filter>Header Files</Filter>
    </ClInclude>
    <ClInclude Include="src/GameObject.h">
      <Filter>Header Files</Filter>
    </ClInclude>
    <ClInclude Include="src/Brick.h">
      <Filter>Header Files</Filter>
    </ClInclude>
    <ClInclude Include="src/BrickGrid.h">
      <Filter>Header Files</Filter>
    </ClInclude>
    <ClInclude Include="src/ValueGetter.h">
      <Filter>Header Files</Filter>
    </ClInclude>
    <ClInclude Include="src/BrickSoft.h">
      <Filter>Header Files</Filter>
    </ClInclude>
    <ClInclude Include="src/BrickGridVisual.h">
      <Filter>Header Files</Filter>
    </ClInclude>
    <ClInclude Include="src/BrickHard.h">
      <Filter>Header Files</Filter>
    </ClInclude>
    <ClInclude Include="src/BrickImpenetrable.h">
      <Filter>Header Files</Filter>
    </ClInclude>
    <ClInclude Include="src/BrickMedium.h">
      <Filter>Header Files</Filter>
    </ClInclude>
    <ClInclude Include="src/BrickTypeValues.h">
      <Filter>Header Files</Filter>
    </ClInclude>
    <ClInclude Include="src/Ball.h">
      <Filter>Header Files</Filter>
    </ClInclude>
    <ClInclude Include="src\IObserver.h">
      <Filter>Header Files</Filter>
    </ClInclude>
    <ClInclude Include="src\GridData.h">
      <Filter>Header Files</Filter>
    </ClInclude>
    <ClInclude Include="src\ISubject.h">
      <Filter>Header Files</Filter>
    </ClInclude>
    <ClInclude Include="src\UIManager.h">
      <Filter>Header Files</Filter>
    </ClInclude>
  </ItemGroup>
</Project>